
Microsoft Visual Studio Solution File, Format Version 12.00
# Visual Studio Version 16
VisualStudioVersion = 16.0.30717.126
MinimumVisualStudioVersion = 10.0.40219.1
Project("{FAE04EC0-301F-11D3-BF4B-00C04F79EFBC}") = "raect-todo", "raect-todo\raect-todo.csproj", "{772F3D77-554E-4273-9210-757E16A321F1}"
EndProject
Global
	GlobalSection(SolutionConfigurationPlatforms) = preSolution
		Debug|Any CPU = Debug|Any CPU
		Release|Any CPU = Release|Any CPU
	EndGlobalSection
	GlobalSection(ProjectConfigurationPlatforms) = postSolution
		{772F3D77-554E-4273-9210-757E16A321F1}.Debug|Any CPU.ActiveCfg = Debug|Any CPU
		{772F3D77-554E-4273-9210-757E16A321F1}.Debug|Any CPU.Build.0 = Debug|Any CPU
		{772F3D77-554E-4273-9210-757E16A321F1}.Release|Any CPU.ActiveCfg = Release|Any CPU
		{772F3D77-554E-4273-9210-757E16A321F1}.Release|Any CPU.Build.0 = Release|Any CPU
	EndGlobalSection
	GlobalSection(SolutionProperties) = preSolution
		HideSolutionNode = FALSE
	EndGlobalSection
	GlobalSection(ExtensibilityGlobals) = postSolution
		SolutionGuid = {E2CF36E8-310A-4A20-A31F-81BF228173E9}
	EndGlobalSection
EndGlobal
